
Microsoft Visual Studio Solution File, Format Version 12.00
# Visual Studio 2013
VisualStudioVersion = 12.0.30501.0
MinimumVisualStudioVersion = 10.0.40219.1
Project("{2150E333-8FDC-42A3-9474-1A3956D46DE8}") = "Server", "Server", "{792DD57F-589D-4467-B1E4-4F9453B98D6A}"
EndProject
Project("{FAE04EC0-301F-11D3-BF4B-00C04F79EFBC}") = "Ontext.DAL", "Ontext.DAL\Ontext.DAL.csproj", "{43A63062-60D1-4A38-9FFB-43A0501DB43A}"
EndProject
Project("{FAE04EC0-301F-11D3-BF4B-00C04F79EFBC}") = "Ontext.BLL", "Ontext.BLL\Ontext.BLL.csproj", "{FD9D6639-3BC2-4E0D-9EAC-0944D68D5309}"
EndProject
Project("{FAE04EC0-301F-11D3-BF4B-00C04F79EFBC}") = "Ontext.WebAPI", "Ontext.WebAPI\Ontext.WebAPI.csproj", "{B1A9ADFA-BEA9-483D-8C97-3C00EDFFEFAC}"
EndProject
Project("{FAE04EC0-301F-11D3-BF4B-00C04F79EFBC}") = "Ontext.Server.Core", "Ontext.Server.Core\Ontext.Server.Core.csproj", "{5F5BAB6F-5DDA-4F1B-8A12-F22E93091F43}"
EndProject
Project("{2150E333-8FDC-42A3-9474-1A3956D46DE8}") = "Common", "Common", "{CD04F726-7577-4A56-9B8B-59880905CCBF}"
EndProject
Project("{FAE04EC0-301F-11D3-BF4B-00C04F79EFBC}") = "Ontext.Core", "Ontext.Core\Ontext.Core.csproj", "{5A5099C0-8928-49E2-81F0-C259E2EDA05B}"
EndProject
Global
	GlobalSection(SolutionConfigurationPlatforms) = preSolution
		Ad-Hoc|Any CPU = Ad-Hoc|Any CPU
		Ad-Hoc|iPhone = Ad-Hoc|iPhone
		Ad-Hoc|iPhoneSimulator = Ad-Hoc|iPhoneSimulator
		AppStore|Any CPU = AppStore|Any CPU
		AppStore|iPhone = AppStore|iPhone
		AppStore|iPhoneSimulator = AppStore|iPhoneSimulator
		Debug|Any CPU = Debug|Any CPU
		Debug|iPhone = Debug|iPhone
		Debug|iPhoneSimulator = Debug|iPhoneSimulator
		Deploy-Dev|Any CPU = Deploy-Dev|Any CPU
		Deploy-Dev|iPhone = Deploy-Dev|iPhone
		Deploy-Dev|iPhoneSimulator = Deploy-Dev|iPhoneSimulator
		Release|Any CPU = Release|Any CPU
		Release|iPhone = Release|iPhone
		Release|iPhoneSimulator = Release|iPhoneSimulator
	EndGlobalSection
	GlobalSection(ProjectConfigurationPlatforms) = postSolution
		{43A63062-60D1-4A38-9FFB-43A0501DB43A}.Ad-Hoc|Any CPU.ActiveCfg = Release|Any CPU
		{43A63062-60D1-4A38-9FFB-43A0501DB43A}.Ad-Hoc|Any CPU.Build.0 = Release|Any CPU
		{43A63062-60D1-4A38-9FFB-43A0501DB43A}.Ad-Hoc|iPhone.ActiveCfg = Debug|Any CPU
		{43A63062-60D1-4A38-9FFB-43A0501DB43A}.Ad-Hoc|iPhone.Build.0 = Debug|Any CPU
		{43A63062-60D1-4A38-9FFB-43A0501DB43A}.Ad-Hoc|iPhoneSimulator.ActiveCfg = Release|Any CPU
		{43A63062-60D1-4A38-9FFB-43A0501DB43A}.AppStore|Any CPU.ActiveCfg = Release|Any CPU
		{43A63062-60D1-4A38-9FFB-43A0501DB43A}.AppStore|Any CPU.Build.0 = Release|Any CPU
		{43A63062-60D1-4A38-9FFB-43A0501DB43A}.AppStore|iPhone.ActiveCfg = Release|Any CPU
		{43A63062-60D1-4A38-9FFB-43A0501DB43A}.AppStore|iPhone.Build.0 = Release|Any CPU
		{43A63062-60D1-4A38-9FFB-43A0501DB43A}.AppStore|iPhoneSimulator.ActiveCfg = Release|Any CPU
		{43A63062-60D1-4A38-9FFB-43A0501DB43A}.Debug|Any CPU.ActiveCfg = Debug|Any CPU
		{43A63062-60D1-4A38-9FFB-43A0501DB43A}.Debug|Any CPU.Build.0 = Debug|Any CPU
		{43A63062-60D1-4A38-9FFB-43A0501DB43A}.Debug|iPhone.ActiveCfg = Debug|Any CPU
		{43A63062-60D1-4A38-9FFB-43A0501DB43A}.Debug|iPhone.Build.0 = Debug|Any CPU
		{43A63062-60D1-4A38-9FFB-43A0501DB43A}.Debug|iPhoneSimulator.ActiveCfg = Debug|Any CPU
		{43A63062-60D1-4A38-9FFB-43A0501DB43A}.Debug|iPhoneSimulator.Build.0 = Debug|Any CPU
		{43A63062-60D1-4A38-9FFB-43A0501DB43A}.Deploy-Dev|Any CPU.ActiveCfg = Deploy-Dev|Any CPU
		{43A63062-60D1-4A38-9FFB-43A0501DB43A}.Deploy-Dev|Any CPU.Build.0 = Deploy-Dev|Any CPU
		{43A63062-60D1-4A38-9FFB-43A0501DB43A}.Deploy-Dev|iPhone.ActiveCfg = Deploy-Dev|Any CPU
		{43A63062-60D1-4A38-9FFB-43A0501DB43A}.Deploy-Dev|iPhoneSimulator.ActiveCfg = Deploy-Dev|Any CPU
		{43A63062-60D1-4A38-9FFB-43A0501DB43A}.Release|Any CPU.ActiveCfg = Release|Any CPU
		{43A63062-60D1-4A38-9FFB-43A0501DB43A}.Release|Any CPU.Build.0 = Release|Any CPU
		{43A63062-60D1-4A38-9FFB-43A0501DB43A}.Release|iPhone.ActiveCfg = Release|Any CPU
		{43A63062-60D1-4A38-9FFB-43A0501DB43A}.Release|iPhone.Build.0 = Release|Any CPU
		{43A63062-60D1-4A38-9FFB-43A0501DB43A}.Release|iPhoneSimulator.ActiveCfg = Release|Any CPU
		{43A63062-60D1-4A38-9FFB-43A0501DB43A}.Release|iPhoneSimulator.Build.0 = Release|Any CPU
		{FD9D6639-3BC2-4E0D-9EAC-0944D68D5309}.Ad-Hoc|Any CPU.ActiveCfg = Release|Any CPU
		{FD9D6639-3BC2-4E0D-9EAC-0944D68D5309}.Ad-Hoc|Any CPU.Build.0 = Release|Any CPU
		{FD9D6639-3BC2-4E0D-9EAC-0944D68D5309}.Ad-Hoc|iPhone.ActiveCfg = Debug|Any CPU
		{FD9D6639-3BC2-4E0D-9EAC-0944D68D5309}.Ad-Hoc|iPhone.Build.0 = Debug|Any CPU
		{FD9D6639-3BC2-4E0D-9EAC-0944D68D5309}.Ad-Hoc|iPhoneSimulator.ActiveCfg = Release|Any CPU
		{FD9D6639-3BC2-4E0D-9EAC-0944D68D5309}.AppStore|Any CPU.ActiveCfg = Release|Any CPU
		{FD9D6639-3BC2-4E0D-9EAC-0944D68D5309}.AppStore|Any CPU.Build.0 = Release|Any CPU
		{FD9D6639-3BC2-4E0D-9EAC-0944D68D5309}.AppStore|iPhone.ActiveCfg = Release|Any CPU
		{FD9D6639-3BC2-4E0D-9EAC-0944D68D5309}.AppStore|iPhone.Build.0 = Release|Any CPU
		{FD9D6639-3BC2-4E0D-9EAC-0944D68D5309}.AppStore|iPhoneSimulator.ActiveCfg = Release|Any CPU
		{FD9D6639-3BC2-4E0D-9EAC-0944D68D5309}.Debug|Any CPU.ActiveCfg = Debug|Any CPU
		{FD9D6639-3BC2-4E0D-9EAC-0944D68D5309}.Debug|Any CPU.Build.0 = Debug|Any CPU
		{FD9D6639-3BC2-4E0D-9EAC-0944D68D5309}.Debug|iPhone.ActiveCfg = Debug|Any CPU
		{FD9D6639-3BC2-4E0D-9EAC-0944D68D5309}.Debug|iPhone.Build.0 = Debug|Any CPU
		{FD9D6639-3BC2-4E0D-9EAC-0944D68D5309}.Debug|iPhoneSimulator.ActiveCfg = Debug|Any CPU
		{FD9D6639-3BC2-4E0D-9EAC-0944D68D5309}.Debug|iPhoneSimulator.Build.0 = Debug|Any CPU
		{FD9D6639-3BC2-4E0D-9EAC-0944D68D5309}.Deploy-Dev|Any CPU.ActiveCfg = Deploy-Dev|Any CPU
		{FD9D6639-3BC2-4E0D-9EAC-0944D68D5309}.Deploy-Dev|Any CPU.Build.0 = Deploy-Dev|Any CPU
		{FD9D6639-3BC2-4E0D-9EAC-0944D68D5309}.Deploy-Dev|iPhone.ActiveCfg = Deploy-Dev|Any CPU
		{FD9D6639-3BC2-4E0D-9EAC-0944D68D5309}.Deploy-Dev|iPhoneSimulator.ActiveCfg = Deploy-Dev|Any CPU
		{FD9D6639-3BC2-4E0D-9EAC-0944D68D5309}.Release|Any CPU.ActiveCfg = Release|Any CPU
		{FD9D6639-3BC2-4E0D-9EAC-0944D68D5309}.Release|Any CPU.Build.0 = Release|Any CPU
		{FD9D6639-3BC2-4E0D-9EAC-0944D68D5309}.Release|iPhone.ActiveCfg = Release|Any CPU
		{FD9D6639-3BC2-4E0D-9EAC-0944D68D5309}.Release|iPhone.Build.0 = Release|Any CPU
		{FD9D6639-3BC2-4E0D-9EAC-0944D68D5309}.Release|iPhoneSimulator.ActiveCfg = Release|Any CPU
		{FD9D6639-3BC2-4E0D-9EAC-0944D68D5309}.Release|iPhoneSimulator.Build.0 = Release|Any CPU
		{B1A9ADFA-BEA9-483D-8C97-3C00EDFFEFAC}.Ad-Hoc|Any CPU.ActiveCfg = Deploy-Dev|Any CPU
		{B1A9ADFA-BEA9-483D-8C97-3C00EDFFEFAC}.Ad-Hoc|Any CPU.Build.0 = Deploy-Dev|Any CPU
		{B1A9ADFA-BEA9-483D-8C97-3C00EDFFEFAC}.Ad-Hoc|iPhone.ActiveCfg = Debug|Any CPU
		{B1A9ADFA-BEA9-483D-8C97-3C00EDFFEFAC}.Ad-Hoc|iPhone.Build.0 = Debug|Any CPU
		{B1A9ADFA-BEA9-483D-8C97-3C00EDFFEFAC}.Ad-Hoc|iPhoneSimulator.ActiveCfg = Deploy-Dev|Any CPU
		{B1A9ADFA-BEA9-483D-8C97-3C00EDFFEFAC}.AppStore|Any CPU.ActiveCfg = Deploy-Dev|Any CPU
		{B1A9ADFA-BEA9-483D-8C97-3C00EDFFEFAC}.AppStore|Any CPU.Build.0 = Deploy-Dev|Any CPU
		{B1A9ADFA-BEA9-483D-8C97-3C00EDFFEFAC}.AppStore|iPhone.ActiveCfg = Release|Any CPU
		{B1A9ADFA-BEA9-483D-8C97-3C00EDFFEFAC}.AppStore|iPhone.Build.0 = Release|Any CPU
		{B1A9ADFA-BEA9-483D-8C97-3C00EDFFEFAC}.AppStore|iPhoneSimulator.ActiveCfg = Deploy-Dev|Any CPU
		{B1A9ADFA-BEA9-483D-8C97-3C00EDFFEFAC}.Debug|Any CPU.ActiveCfg = Debug|Any CPU
		{B1A9ADFA-BEA9-483D-8C97-3C00EDFFEFAC}.Debug|Any CPU.Build.0 = Debug|Any CPU
		{B1A9ADFA-BEA9-483D-8C97-3C00EDFFEFAC}.Debug|iPhone.ActiveCfg = Debug|Any CPU
		{B1A9ADFA-BEA9-483D-8C97-3C00EDFFEFAC}.Debug|iPhone.Build.0 = Debug|Any CPU
		{B1A9ADFA-BEA9-483D-8C97-3C00EDFFEFAC}.Debug|iPhoneSimulator.ActiveCfg = Debug|Any CPU
		{B1A9ADFA-BEA9-483D-8C97-3C00EDFFEFAC}.Debug|iPhoneSimulator.Build.0 = Debug|Any CPU
		{B1A9ADFA-BEA9-483D-8C97-3C00EDFFEFAC}.Deploy-Dev|Any CPU.ActiveCfg = Debug|Any CPU
		{B1A9ADFA-BEA9-483D-8C97-3C00EDFFEFAC}.Deploy-Dev|Any CPU.Build.0 = Debug|Any CPU
		{B1A9ADFA-BEA9-483D-8C97-3C00EDFFEFAC}.Deploy-Dev|iPhone.ActiveCfg = Deploy-Dev|Any CPU
		{B1A9ADFA-BEA9-483D-8C97-3C00EDFFEFAC}.Deploy-Dev|iPhoneSimulator.ActiveCfg = Deploy-Dev|Any CPU
		{B1A9ADFA-BEA9-483D-8C97-3C00EDFFEFAC}.Release|Any CPU.ActiveCfg = Release|Any CPU
		{B1A9ADFA-BEA9-483D-8C97-3C00EDFFEFAC}.Release|Any CPU.Build.0 = Release|Any CPU
		{B1A9ADFA-BEA9-483D-8C97-3C00EDFFEFAC}.Release|iPhone.ActiveCfg = Release|Any CPU
		{B1A9ADFA-BEA9-483D-8C97-3C00EDFFEFAC}.Release|iPhone.Build.0 = Release|Any CPU
		{B1A9ADFA-BEA9-483D-8C97-3C00EDFFEFAC}.Release|iPhoneSimulator.ActiveCfg = Release|Any CPU
		{B1A9ADFA-BEA9-483D-8C97-3C00EDFFEFAC}.Release|iPhoneSimulator.Build.0 = Release|Any CPU
		{5F5BAB6F-5DDA-4F1B-8A12-F22E93091F43}.Ad-Hoc|Any CPU.ActiveCfg = Deploy-Dev|Any CPU
		{5F5BAB6F-5DDA-4F1B-8A12-F22E93091F43}.Ad-Hoc|Any CPU.Build.0 = Deploy-Dev|Any CPU
		{5F5BAB6F-5DDA-4F1B-8A12-F22E93091F43}.Ad-Hoc|iPhone.ActiveCfg = Debug|Any CPU
		{5F5BAB6F-5DDA-4F1B-8A12-F22E93091F43}.Ad-Hoc|iPhone.Build.0 = Debug|Any CPU
		{5F5BAB6F-5DDA-4F1B-8A12-F22E93091F43}.Ad-Hoc|iPhoneSimulator.ActiveCfg = Deploy-Dev|Any CPU
		{5F5BAB6F-5DDA-4F1B-8A12-F22E93091F43}.AppStore|Any CPU.ActiveCfg = Deploy-Dev|Any CPU
		{5F5BAB6F-5DDA-4F1B-8A12-F22E93091F43}.AppStore|Any CPU.Build.0 = Deploy-Dev|Any CPU
		{5F5BAB6F-5DDA-4F1B-8A12-F22E93091F43}.AppStore|iPhone.ActiveCfg = Release|Any CPU
		{5F5BAB6F-5DDA-4F1B-8A12-F22E93091F43}.AppStore|iPhone.Build.0 = Release|Any CPU
		{5F5BAB6F-5DDA-4F1B-8A12-F22E93091F43}.AppStore|iPhoneSimulator.ActiveCfg = Deploy-Dev|Any CPU
		{5F5BAB6F-5DDA-4F1B-8A12-F22E93091F43}.Debug|Any CPU.ActiveCfg = Debug|Any CPU
		{5F5BAB6F-5DDA-4F1B-8A12-F22E93091F43}.Debug|Any CPU.Build.0 = Debug|Any CPU
		{5F5BAB6F-5DDA-4F1B-8A12-F22E93091F43}.Debug|iPhone.ActiveCfg = Debug|Any CPU
		{5F5BAB6F-5DDA-4F1B-8A12-F22E93091F43}.Debug|iPhone.Build.0 = Debug|Any CPU
		{5F5BAB6F-5DDA-4F1B-8A12-F22E93091F43}.Debug|iPhoneSimulator.ActiveCfg = Debug|Any CPU
		{5F5BAB6F-5DDA-4F1B-8A12-F22E93091F43}.Debug|iPhoneSimulator.Build.0 = Debug|Any CPU
		{5F5BAB6F-5DDA-4F1B-8A12-F22E93091F43}.Deploy-Dev|Any CPU.ActiveCfg = Debug|Any CPU
		{5F5BAB6F-5DDA-4F1B-8A12-F22E93091F43}.Deploy-Dev|Any CPU.Build.0 = Debug|Any CPU
		{5F5BAB6F-5DDA-4F1B-8A12-F22E93091F43}.Deploy-Dev|iPhone.ActiveCfg = Deploy-Dev|Any CPU
		{5F5BAB6F-5DDA-4F1B-8A12-F22E93091F43}.Deploy-Dev|iPhoneSimulator.ActiveCfg = Deploy-Dev|Any CPU
		{5F5BAB6F-5DDA-4F1B-8A12-F22E93091F43}.Release|Any CPU.ActiveCfg = Release|Any CPU
		{5F5BAB6F-5DDA-4F1B-8A12-F22E93091F43}.Release|Any CPU.Build.0 = Release|Any CPU
		{5F5BAB6F-5DDA-4F1B-8A12-F22E93091F43}.Release|iPhone.ActiveCfg = Release|Any CPU
		{5F5BAB6F-5DDA-4F1B-8A12-F22E93091F43}.Release|iPhone.Build.0 = Release|Any CPU
		{5F5BAB6F-5DDA-4F1B-8A12-F22E93091F43}.Release|iPhoneSimulator.ActiveCfg = Release|Any CPU
		{5F5BAB6F-5DDA-4F1B-8A12-F22E93091F43}.Release|iPhoneSimulator.Build.0 = Release|Any CPU
		{5A5099C0-8928-49E2-81F0-C259E2EDA05B}.Ad-Hoc|Any CPU.ActiveCfg = Release|Any CPU
		{5A5099C0-8928-49E2-81F0-C259E2EDA05B}.Ad-Hoc|Any CPU.Build.0 = Release|Any CPU
		{5A5099C0-8928-49E2-81F0-C259E2EDA05B}.Ad-Hoc|iPhone.ActiveCfg = Debug|Any CPU
		{5A5099C0-8928-49E2-81F0-C259E2EDA05B}.Ad-Hoc|iPhone.Build.0 = Debug|Any CPU
		{5A5099C0-8928-49E2-81F0-C259E2EDA05B}.Ad-Hoc|iPhoneSimulator.ActiveCfg = Release|Any CPU
		{5A5099C0-8928-49E2-81F0-C259E2EDA05B}.AppStore|Any CPU.ActiveCfg = Release|Any CPU
		{5A5099C0-8928-49E2-81F0-C259E2EDA05B}.AppStore|Any CPU.Build.0 = Release|Any CPU
		{5A5099C0-8928-49E2-81F0-C259E2EDA05B}.AppStore|iPhone.ActiveCfg = Release|Any CPU
		{5A5099C0-8928-49E2-81F0-C259E2EDA05B}.AppStore|iPhone.Build.0 = Release|Any CPU
		{5A5099C0-8928-49E2-81F0-C259E2EDA05B}.AppStore|iPhoneSimulator.ActiveCfg = Release|Any CPU
		{5A5099C0-8928-49E2-81F0-C259E2EDA05B}.Debug|Any CPU.ActiveCfg = Debug|Any CPU
		{5A5099C0-8928-49E2-81F0-C259E2EDA05B}.Debug|Any CPU.Build.0 = Debug|Any CPU
		{5A5099C0-8928-49E2-81F0-C259E2EDA05B}.Debug|iPhone.ActiveCfg = Debug|Any CPU
		{5A5099C0-8928-49E2-81F0-C259E2EDA05B}.Debug|iPhone.Build.0 = Debug|Any CPU
		{5A5099C0-8928-49E2-81F0-C259E2EDA05B}.Debug|iPhoneSimulator.ActiveCfg = Debug|Any CPU
		{5A5099C0-8928-49E2-81F0-C259E2EDA05B}.Debug|iPhoneSimulator.Build.0 = Debug|Any CPU
		{5A5099C0-8928-49E2-81F0-C259E2EDA05B}.Deploy-Dev|Any CPU.ActiveCfg = Deploy-Dev|Any CPU
		{5A5099C0-8928-49E2-81F0-C259E2EDA05B}.Deploy-Dev|Any CPU.Build.0 = Deploy-Dev|Any CPU
		{5A5099C0-8928-49E2-81F0-C259E2EDA05B}.Deploy-Dev|iPhone.ActiveCfg = Deploy-Dev|Any CPU
		{5A5099C0-8928-49E2-81F0-C259E2EDA05B}.Deploy-Dev|iPhoneSimulator.ActiveCfg = Deploy-Dev|Any CPU
		{5A5099C0-8928-49E2-81F0-C259E2EDA05B}.Release|Any CPU.ActiveCfg = Release|Any CPU
		{5A5099C0-8928-49E2-81F0-C259E2EDA05B}.Release|Any CPU.Build.0 = Release|Any CPU
		{5A5099C0-8928-49E2-81F0-C259E2EDA05B}.Release|iPhone.ActiveCfg = Release|Any CPU
		{5A5099C0-8928-49E2-81F0-C259E2EDA05B}.Release|iPhone.Build.0 = Release|Any CPU
		{5A5099C0-8928-49E2-81F0-C259E2EDA05B}.Release|iPhoneSimulator.ActiveCfg = Release|Any CPU
		{5A5099C0-8928-49E2-81F0-C259E2EDA05B}.Release|iPhoneSimulator.Build.0 = Release|Any CPU
	EndGlobalSection
	GlobalSection(SolutionProperties) = preSolution
		HideSolutionNode = FALSE
	EndGlobalSection
	GlobalSection(NestedProjects) = preSolution
		{43A63062-60D1-4A38-9FFB-43A0501DB43A} = {792DD57F-589D-4467-B1E4-4F9453B98D6A}
		{FD9D6639-3BC2-4E0D-9EAC-0944D68D5309} = {792DD57F-589D-4467-B1E4-4F9453B98D6A}
		{B1A9ADFA-BEA9-483D-8C97-3C00EDFFEFAC} = {792DD57F-589D-4467-B1E4-4F9453B98D6A}
		{5F5BAB6F-5DDA-4F1B-8A12-F22E93091F43} = {792DD57F-589D-4467-B1E4-4F9453B98D6A}
		{5A5099C0-8928-49E2-81F0-C259E2EDA05B} = {CD04F726-7577-4A56-9B8B-59880905CCBF}
	EndGlobalSection
EndGlobal
